<?xml version="1.0" encoding="utf-8"?>
<Project ToolsVersion="4.0" xmlns="http://schemas.microsoft.com/developer/msbuild/2003">
  <ItemGroup>
    <Filter Include="Core"><UniqueIdentifier>{11111111-1111-1111-1111-111111111111}</UniqueIdentifier></Filter>
    <Filter Include="Rendering"><UniqueIdentifier>{22222222-2222-2222-2222-222222222222}</UniqueIdentifier></Filter>
    <Filter Include="Scene"><UniqueIdentifier>{33333333-3333-3333-3333-333333333333}</UniqueIdentifier></Filter>
    <Filter Include="Gameplay"><UniqueIdentifier>{44444444-4444-4444-4444-444444444444}</UniqueIdentifier></Filter>
    <Filter Include="UI"><UniqueIdentifier>{55555555-5555-5555-5555-555555555555}</UniqueIdentifier></Filter>
    <Filter Include="Shaders"><UniqueIdentifier>{77777777-7777-7777-7777-777777777777}</UniqueIdentifier></Filter>
    <Filter Include="Assets"><UniqueIdentifier>{88888888-8888-8888-8888-888888888888}</UniqueIdentifier></Filter>
  </ItemGroup>
  <ItemGroup>
    <ClCompile Include="Core\Core.cpp"><Filter>Core</Filter></ClCompile>
    <ClCompile Include="Core\DeltaTime.cpp"><Filter>Core</Filter></ClCompile>
    <ClCompile Include="Core\EngineSettings.cpp"><Filter>Core</Filter></ClCompile>
    <ClCompile Include="Core\Frame.cpp"><Filter>Core</Filter></ClCompile>
    <ClCompile Include="Core\GameLoop.cpp"><Filter>Core</Filter></ClCompile>
    <ClCompile Include="Core\Logger.cpp"><Filter>Core</Filter></ClCompile>
    <ClCompile Include="Core\Object.cpp"><Filter>Core</Filter></ClCompile>
    <ClCompile Include="Gameplay\AsteroidMovement.cpp"><Filter>Gameplay</Filter></ClCompile>
    <ClCompile Include="Gameplay\CircleCollider.cpp"><Filter>Gameplay</Filter></ClCompile>
    <ClCompile Include="Gameplay\ObjectShake.cpp"><Filter>Gameplay</Filter></ClCompile>
    <ClCompile Include="Gameplay\Particle.cpp"><Filter>Gameplay</Filter></ClCompile>
    <ClCompile Include="Gameplay\PlanetHealthVisual.cpp"><Filter>Gameplay</Filter></ClCompile>
    <ClCompile Include="Gameplay\PlayerController.cpp"><Filter>Gameplay</Filter></ClCompile>
    <ClCompile Include="Gameplay\ScoreManager.cpp"><Filter>Gameplay</Filter></ClCompile>
    <ClCompile Include="Gameplay\SlimePhysics.cpp"><Filter>Gameplay</Filter></ClCompile>
    <ClCompile Include="Rendering\TrailRenderer.cpp"><Filter>Rendering</Filter></ClCompile>
    <ClCompile Include="Rendering\Camera.cpp"><Filter>Rendering</Filter></ClCompile>
    <ClCompile Include="Rendering\LightManager.cpp"><Filter>Rendering</Filter></ClCompile>
    <ClCompile Include="Rendering\Material.cpp"><Filter>Rendering</Filter></ClCompile>
    <ClCompile Include="Rendering\Mesh.cpp"><Filter>Rendering</Filter></ClCompile>
    <ClCompile Include="Rendering\MeshGenerator.cpp"><Filter>Rendering</Filter></ClCompile>
    <ClCompile Include="Rendering\MeshRenderer.cpp"><Filter>Rendering</Filter></ClCompile>
    <ClCompile Include="Rendering\PointLightManager.cpp"><Filter>Rendering</Filter></ClCompile>
    <ClCompile Include="Rendering\StarFieldRenderer.cpp"><Filter>Rendering</Filter></ClCompile>
    <ClCompile Include="Scene\GameScene.cpp"><Filter>Scene</Filter></ClCompile>
    <ClCompile Include="UI\BitmapTextRenderer.cpp"><Filter>UI</Filter></ClCompile>
    <ClCompile Include="UI\TimerDisplay.cpp"><Filter>UI</Filter></ClCompile>
    <ClCompile Include="main.cpp" />
  </ItemGroup>
  <ItemGroup>
    <ClInclude Include="Core\Core.h"><Filter>Core</Filter></ClInclude>
    <ClInclude Include="Core\DeltaTime.h"><Filter>Core</Filter></ClInclude>
    <ClInclude Include="Core\EngineSettings.h"><Filter>Core</Filter></ClInclude>
    <ClInclude Include="Core\Frame.h"><Filter>Core</Filter></ClInclude>
    <ClInclude Include="Core\GameLoop.h"><Filter>Core</Filter></ClInclude>
    <ClInclude Include="Core\Logger.h"><Filter>Core</Filter></ClInclude>
    <ClInclude Include="Core\Object.h"><Filter>Core</Filter></ClInclude>
    <ClInclude Include="Gameplay\AsteroidMovement.h"><Filter>Gameplay</Filter></ClInclude>
    <ClInclude Include="Gameplay\CircleCollider.h"><Filter>Gameplay</Filter></ClInclude>
    <ClInclude Include="Gameplay\ObjectShake.h"><Filter>Gameplay</Filter></ClInclude>
    <ClInclude Include="Gameplay\Particle.h"><Filter>Gameplay</Filter></ClInclude>
    <ClInclude Include="Gameplay\PlanetHealthVisual.h"><Filter>Gameplay</Filter></ClInclude>
    <ClInclude Include="Gameplay\PlayerController.h"><Filter>Gameplay</Filter></ClInclude>
    <ClInclude Include="Gameplay\ScoreManager.h"><Filter>Gameplay</Filter></ClInclude>
    <ClInclude Include="Gameplay\SlimePhysics.h"><Filter>Gameplay</Filter></ClInclude>
    <ClInclude Include="Rendering\TrailRenderer.h"><Filter>Rendering</Filter></ClInclude>
    <ClInclude Include="Rendering\Camera.h"><Filter>Rendering</Filter></ClInclude>
    <ClInclude Include="Rendering\LightManager.h"><Filter>Rendering</Filter></ClInclude>
    <ClInclude Include="Rendering\Material.h"><Filter>Rendering</Filter></ClInclude>
    <ClInclude Include="Rendering\Mesh.h"><Filter>Rendering</Filter></ClInclude>
    <ClInclude Include="Rendering\MeshGenerator.h"><Filter>Rendering</Filter></ClInclude>
    <ClInclude Include="Rendering\MeshRenderer.h"><Filter>Rendering</Filter></ClInclude>
    <ClInclude Include="Rendering\PointLightManager.h"><Filter>Rendering</Filter></ClInclude>
    <ClInclude Include="Rendering\Render.h"><Filter>Rendering</Filter></ClInclude>
    <ClInclude Include="Rendering\RenderTypes.h"><Filter>Rendering</Filter></ClInclude>
    <ClInclude Include="Rendering\StarFieldRenderer.h"><Filter>Rendering</Filter></ClInclude>
    <ClInclude Include="Scene\GameScene.h"><Filter>Scene</Filter></ClInclude>
    <ClInclude Include="UI\BitmapTextRenderer.h"><Filter>UI</Filter></ClInclude>
    <ClInclude Include="UI\TimerDisplay.h"><Filter>UI</Filter></ClInclude>
  </ItemGroup>
  <ItemGroup>
    <Content Include="Shaders\Asteroid.hlsl"><Filter>Shaders</Filter></Content>
    <Content Include="Shaders\DigitTexture.hlsl"><Filter>Shaders</Filter></Content>
    <Content Include="Shaders\Planet.hlsl"><Filter>Shaders</Filter></Content>
    <Content Include="Shaders\Slime.hlsl"><Filter>Shaders</Filter></Content>
    <Content Include="Shaders\StarField.hlsl"><Filter>Shaders</Filter></Content>
    <Content Include="Assets\newFont.png"><Filter>Assets</Filter></Content>
  </ItemGroup>
</Project>




